
Microsoft Visual Studio Solution File, Format Version 12.00
# Visual Studio Version 17
VisualStudioVersion = 17.11.35208.52
MinimumVisualStudioVersion = 10.0.40219.1
Project("{2150E333-8FDC-42A3-9474-1A3956D46DE8}") = "Core", "Core", "{FC4E53C6-C3E4-414D-AFEA-312562680A10}"
EndProject
Project("{9A19103F-16F7-4668-BE54-9A1E7A4F7556}") = "RazorLibrary.Domain", "RazorLibrary.Domain\RazorLibrary.Domain.csproj", "{EAAA0F87-3911-4553-A0BC-3870350C9611}"
EndProject
Project("{9A19103F-16F7-4668-BE54-9A1E7A4F7556}") = "RazorLibrary.Application", "RazorLibrary.Application\RazorLibrary.Application.csproj", "{71B14721-6E49-4D83-8E1C-503A0F578D4D}"
EndProject
Project("{2150E333-8FDC-42A3-9474-1A3956D46DE8}") = "Adapters", "Adapters", "{1BCE1DBD-17CB-4703-8012-296B152A2EAA}"
EndProject
Project("{2150E333-8FDC-42A3-9474-1A3956D46DE8}") = "Driven", "Driven", "{470A0605-F00F-42AB-B28A-C44A589E238A}"
EndProject
Project("{9A19103F-16F7-4668-BE54-9A1E7A4F7556}") = "RazorLibrary.Infra", "RazorLibrary.Infra\RazorLibrary.Infra.csproj", "{7D0B8315-5FC2-487B-96DB-055FAF68F32D}"
EndProject
Project("{2150E333-8FDC-42A3-9474-1A3956D46DE8}") = "Driving", "Driving", "{7633619D-9F02-4A4D-9AF2-B27F97A9B698}"
EndProject
Project("{9A19103F-16F7-4668-BE54-9A1E7A4F7556}") = "RazorLibrary.API", "RazorLibrary.API\RazorLibrary.API.csproj", "{14F313D0-8EC3-4D0C-9C22-06FF733EA41C}"
EndProject
Project("{2150E333-8FDC-42A3-9474-1A3956D46DE8}") = "Tests", "Tests", "{90428CC7-08A5-4ECD-9629-A83124F5687C}"
EndProject
Project("{9A19103F-16F7-4668-BE54-9A1E7A4F7556}") = "RazorLibrary.Tests.Commom", "RazorLibrary.Tests.Commom\RazorLibrary.Tests.Commom.csproj", "{4466C75F-5A65-485F-A2C6-34928FFE6C42}"
EndProject
Project("{9A19103F-16F7-4668-BE54-9A1E7A4F7556}") = "RazorLibrary.Tests.Application", "RazorLibrary.Tests.Domain\RazorLibrary.Tests.Application.csproj", "{D798B39B-B02E-4FCB-AD28-0DA361E6A111}"
EndProject
Project("{FAE04EC0-301F-11D3-BF4B-00C04F79EFBC}") = "RazorLibrary.Tests.API", "RazorLibrary.Tests.API\RazorLibrary.Tests.API.csproj", "{50A9B0EE-8CFA-4279-84AB-15D7C4A566D5}"
EndProject
Global
	GlobalSection(SolutionConfigurationPlatforms) = preSolution
		Debug|Any CPU = Debug|Any CPU
		Release|Any CPU = Release|Any CPU
	EndGlobalSection
	GlobalSection(ProjectConfigurationPlatforms) = postSolution
		{EAAA0F87-3911-4553-A0BC-3870350C9611}.Debug|Any CPU.ActiveCfg = Debug|Any CPU
		{EAAA0F87-3911-4553-A0BC-3870350C9611}.Debug|Any CPU.Build.0 = Debug|Any CPU
		{EAAA0F87-3911-4553-A0BC-3870350C9611}.Release|Any CPU.ActiveCfg = Release|Any CPU
		{EAAA0F87-3911-4553-A0BC-3870350C9611}.Release|Any CPU.Build.0 = Release|Any CPU
		{71B14721-6E49-4D83-8E1C-503A0F578D4D}.Debug|Any CPU.ActiveCfg = Debug|Any CPU
		{71B14721-6E49-4D83-8E1C-503A0F578D4D}.Debug|Any CPU.Build.0 = Debug|Any CPU
		{71B14721-6E49-4D83-8E1C-503A0F578D4D}.Release|Any CPU.ActiveCfg = Release|Any CPU
		{71B14721-6E49-4D83-8E1C-503A0F578D4D}.Release|Any CPU.Build.0 = Release|Any CPU
		{7D0B8315-5FC2-487B-96DB-055FAF68F32D}.Debug|Any CPU.ActiveCfg = Debug|Any CPU
		{7D0B8315-5FC2-487B-96DB-055FAF68F32D}.Debug|Any CPU.Build.0 = Debug|Any CPU
		{7D0B8315-5FC2-487B-96DB-055FAF68F32D}.Release|Any CPU.ActiveCfg = Release|Any CPU
		{7D0B8315-5FC2-487B-96DB-055FAF68F32D}.Release|Any CPU.Build.0 = Release|Any CPU
		{14F313D0-8EC3-4D0C-9C22-06FF733EA41C}.Debug|Any CPU.ActiveCfg = Debug|Any CPU
		{14F313D0-8EC3-4D0C-9C22-06FF733EA41C}.Debug|Any CPU.Build.0 = Debug|Any CPU
		{14F313D0-8EC3-4D0C-9C22-06FF733EA41C}.Release|Any CPU.ActiveCfg = Release|Any CPU
		{14F313D0-8EC3-4D0C-9C22-06FF733EA41C}.Release|Any CPU.Build.0 = Release|Any CPU
		{4466C75F-5A65-485F-A2C6-34928FFE6C42}.Debug|Any CPU.ActiveCfg = Debug|Any CPU
		{4466C75F-5A65-485F-A2C6-34928FFE6C42}.Debug|Any CPU.Build.0 = Debug|Any CPU
		{4466C75F-5A65-485F-A2C6-34928FFE6C42}.Release|Any CPU.ActiveCfg = Release|Any CPU
		{4466C75F-5A65-485F-A2C6-34928FFE6C42}.Release|Any CPU.Build.0 = Release|Any CPU
		{D798B39B-B02E-4FCB-AD28-0DA361E6A111}.Debug|Any CPU.ActiveCfg = Debug|Any CPU
		{D798B39B-B02E-4FCB-AD28-0DA361E6A111}.Debug|Any CPU.Build.0 = Debug|Any CPU
		{D798B39B-B02E-4FCB-AD28-0DA361E6A111}.Release|Any CPU.ActiveCfg = Release|Any CPU
		{D798B39B-B02E-4FCB-AD28-0DA361E6A111}.Release|Any CPU.Build.0 = Release|Any CPU
		{50A9B0EE-8CFA-4279-84AB-15D7C4A566D5}.Debug|Any CPU.ActiveCfg = Debug|Any CPU
		{50A9B0EE-8CFA-4279-84AB-15D7C4A566D5}.Debug|Any CPU.Build.0 = Debug|Any CPU
		{50A9B0EE-8CFA-4279-84AB-15D7C4A566D5}.Release|Any CPU.ActiveCfg = Release|Any CPU
		{50A9B0EE-8CFA-4279-84AB-15D7C4A566D5}.Release|Any CPU.Build.0 = Release|Any CPU
	EndGlobalSection
	GlobalSection(SolutionProperties) = preSolution
		HideSolutionNode = FALSE
	EndGlobalSection
	GlobalSection(NestedProjects) = preSolution
		{EAAA0F87-3911-4553-A0BC-3870350C9611} = {FC4E53C6-C3E4-414D-AFEA-312562680A10}
		{71B14721-6E49-4D83-8E1C-503A0F578D4D} = {FC4E53C6-C3E4-414D-AFEA-312562680A10}
		{470A0605-F00F-42AB-B28A-C44A589E238A} = {1BCE1DBD-17CB-4703-8012-296B152A2EAA}
		{7D0B8315-5FC2-487B-96DB-055FAF68F32D} = {470A0605-F00F-42AB-B28A-C44A589E238A}
		{7633619D-9F02-4A4D-9AF2-B27F97A9B698} = {1BCE1DBD-17CB-4703-8012-296B152A2EAA}
		{14F313D0-8EC3-4D0C-9C22-06FF733EA41C} = {7633619D-9F02-4A4D-9AF2-B27F97A9B698}
		{4466C75F-5A65-485F-A2C6-34928FFE6C42} = {90428CC7-08A5-4ECD-9629-A83124F5687C}
		{D798B39B-B02E-4FCB-AD28-0DA361E6A111} = {90428CC7-08A5-4ECD-9629-A83124F5687C}
		{50A9B0EE-8CFA-4279-84AB-15D7C4A566D5} = {90428CC7-08A5-4ECD-9629-A83124F5687C}
	EndGlobalSection
	GlobalSection(ExtensibilityGlobals) = postSolution
		SolutionGuid = {A5AFA4AA-ED31-4CFD-90E5-4B4D34E29629}
	EndGlobalSection
EndGlobal
